
Microsoft Visual Studio Solution File, Format Version 12.00
# Visual Studio Version 17
VisualStudioVersion = 17.5.002.0
MinimumVisualStudioVersion = 10.0.40219.1
Project("{9A19103F-16F7-4668-BE54-9A1E7A4F7556}") = "api", "api.csproj", "{50F42EA5-F08B-4B2E-B166-1F2D3046E0A9}"
EndProject
Global
	GlobalSection(SolutionConfigurationPlatforms) = preSolution
		Debug|Any CPU = Debug|Any CPU
		Release|Any CPU = Release|Any CPU
	EndGlobalSection
	GlobalSection(ProjectConfigurationPlatforms) = postSolution
		{50F42EA5-F08B-4B2E-B166-1F2D3046E0A9}.Debug|Any CPU.ActiveCfg = Debug|Any CPU
		{50F42EA5-F08B-4B2E-B166-1F2D3046E0A9}.Debug|Any CPU.Build.0 = Debug|Any CPU
		{50F42EA5-F08B-4B2E-B166-1F2D3046E0A9}.Release|Any CPU.ActiveCfg = Release|Any CPU
		{50F42EA5-F08B-4B2E-B166-1F2D3046E0A9}.Release|Any CPU.Build.0 = Release|Any CPU
	EndGlobalSection
	GlobalSection(SolutionProperties) = preSolution
		HideSolutionNode = FALSE
	EndGlobalSection
	GlobalSection(ExtensibilityGlobals) = postSolution
		SolutionGuid = {C00086AE-C14B-42D7-A323-31DDAF1BD994}
	EndGlobalSection
EndGlobal
